// !$*UTF8*$!
{
	archiveVersion = 1;
	classes = {
	};
	objectVersion = 46;
	objects = {

/* Begin PBXBuildFile section */
		FB2FC2F31A0C3E9C00CE72C5 /* main.m in Sources */ = {isa = PBXBuildFile; fileRef = FB2FC2F21A0C3E9C00CE72C5 /* main.m */; };
		FB2FC2F61A0C3E9C00CE72C5 /* AppDelegate.m in Sources */ = {isa = PBXBuildFile; fileRef = FB2FC2F51A0C3E9C00CE72C5 /* AppDelegate.m */; };
		FB2FC2F91A0C3E9C00CE72C5 /* ViewController.m in Sources */ = {isa = PBXBuildFile; fileRef = FB2FC2F81A0C3E9C00CE72C5 /* ViewController.m */; };
		FB2FC2FC1A0C3E9C00CE72C5 /* Main.storyboard in Resources */ = {isa = PBXBuildFile; fileRef = FB2FC2FA1A0C3E9C00CE72C5 /* Main.storyboard */; };
		FB2FC2FE1A0C3E9C00CE72C5 /* Images.xcassets in Resources */ = {isa = PBXBuildFile; fileRef = FB2FC2FD1A0C3E9C00CE72C5 /* Images.xcassets */; };
		FB2FC3011A0C3E9C00CE72C5 /* LaunchScreen.xib in Resources */ = {isa = PBXBuildFile; fileRef = FB2FC2FF1A0C3E9C00CE72C5 /* LaunchScreen.xib */; };
		FB2FC30D1A0C3E9D00CE72C5 /* FavoritePhotosChallengeTests.m in Sources */ = {isa = PBXBuildFile; fileRef = FB2FC30C1A0C3E9D00CE72C5 /* FavoritePhotosChallengeTests.m */; };
		FB4399A71A0D75980050CF8D /* ImageCollectionViewCell.m in Sources */ = {isa = PBXBuildFile; fileRef = FB4399A61A0D75980050CF8D /* ImageCollectionViewCell.m */; };
		FB4399B21A0D894C0050CF8D /* Photo.m in Sources */ = {isa = PBXBuildFile; fileRef = FB4399B11A0D894C0050CF8D /* Photo.m */; };
/* End PBXBuildFile section */

/* Begin PBXContainerItemProxy section */
		FB2FC3071A0C3E9D00CE72C5 /* PBXContainerItemProxy */ = {
			isa = PBXContainerItemProxy;
			containerPortal = FB2FC2E51A0C3E9B00CE72C5 /* Project object */;
			proxyType = 1;
			remoteGlobalIDString = FB2FC2EC1A0C3E9B00CE72C5;
			remoteInfo = FavoritePhotosChallenge;
		};
/* End PBXContainerItemProxy section */

/* Begin PBXFileReference section */
		FB2FC2ED1A0C3E9C00CE72C5 /* FavoritePhotosChallenge.app */ = {isa = PBXFileReference; explicitFileType = wrapper.application; includeInIndex = 0; path = FavoritePhotosChallenge.app; sourceTree = BUILT_PRODUCTS_DIR; };
		FB2FC2F11A0C3E9C00CE72C5 /* Info.plist */ = {isa = PBXFileReference; lastKnownFileType = text.plist.xml; path = Info.plist; sourceTree = "<group>"; };
		FB2FC2F21A0C3E9C00CE72C5 /* main.m */ = {isa = PBXFileReference; lastKnownFileType = sourcecode.c.objc; path = main.m; sourceTree = "<group>"; };
		FB2FC2F41A0C3E9C00CE72C5 /* AppDelegate.h */ = {isa = PBXFileReference; lastKnownFileType = sourcecode.c.h; path = AppDelegate.h; sourceTree = "<group>"; };
		FB2FC2F51A0C3E9C00CE72C5 /* AppDelegate.m */ = {isa = PBXFileReference; lastKnownFileType = sourcecode.c.objc; path = AppDelegate.m; sourceTree = "<group>"; };
		FB2FC2F71A0C3E9C00CE72C5 /* ViewController.h */ = {isa = PBXFileReference; lastKnownFileType = sourcecode.c.h; path = ViewController.h; sourceTree = "<group>"; };
		FB2FC2F81A0C3E9C00CE72C5 /* ViewController.m */ = {isa = PBXFileReference; lastKnownFileType = sourcecode.c.objc; path = ViewController.m; sourceTree = "<group>"; };
		FB2FC2FB1A0C3E9C00CE72C5 /* Base */ = {isa = PBXFileReference; lastKnownFileType = file.storyboard; name = Base; path = Base.lproj/Main.storyboard; sourceTree = "<group>"; };
		FB2FC2FD1A0C3E9C00CE72C5 /* Images.xcassets */ = {isa = PBXFileReference; lastKnownFileType = folder.assetcatalog; path = Images.xcassets; sourceTree = "<group>"; };
		FB2FC3001A0C3E9C00CE72C5 /* Base */ = {isa = PBXFileReference; lastKnownFileType = file.xib; name = Base; path = Base.lproj/LaunchScreen.xib; sourceTree = "<group>"; };
		FB2FC3061A0C3E9D00CE72C5 /* FavoritePhotosChallengeTests.xctest */ = {isa = PBXFileReference; explicitFileType = wrapper.cfbundle; includeInIndex = 0; path = FavoritePhotosChallengeTests.xctest; sourceTree = BUILT_PRODUCTS_DIR; };
		FB2FC30B1A0C3E9D00CE72C5 /* Info.plist */ = {isa = PBXFileReference; lastKnownFileType = text.plist.xml; path = Info.plist; sourceTree = "<group>"; };
		FB2FC30C1A0C3E9D00CE72C5 /* FavoritePhotosChallengeTests.m */ = {isa = PBXFileReference; lastKnownFileType = sourcecode.c.objc; path = FavoritePhotosChallengeTests.m; sourceTree = "<group>"; };
		FB4399A51A0D75980050CF8D /* ImageCollectionViewCell.h */ = {isa = PBXFileReference; fileEncoding = 4; lastKnownFileType = sourcecode.c.h; path = ImageCollectionViewCell.h; sourceTree = "<group>"; };
		FB4399A61A0D75980050CF8D /* ImageCollectionViewCell.m */ = {isa = PBXFileReference; fileEncoding = 4; lastKnownFileType = sourcecode.c.objc; path = ImageCollectionViewCell.m; sourceTree = "<group>"; };
		FB4399B01A0D894C0050CF8D /* Photo.h */ = {isa = PBXFileReference; fileEncoding = 4; lastKnownFileType = sourcecode.c.h; path = Photo.h; sourceTree = "<group>"; };
		FB4399B11A0D894C0050CF8D /* Photo.m */ = {isa = PBXFileReference; fileEncoding = 4; lastKnownFileType = sourcecode.c.objc; path = Photo.m; sourceTree = "<group>"; };
/* End PBXFileReference section */

/* Begin PBXFrameworksBuildPhase section */
		FB2FC2EA1A0C3E9B00CE72C5 /* Frameworks */ = {
			isa = PBXFrameworksBuildPhase;
			buildActionMask = 2147483647;
			files = (
			);
			runOnlyForDeploymentPostprocessing = 0;
		};
		FB2FC3031A0C3E9D00CE72C5 /* Frameworks */ = {
			isa = PBXFrameworksBuildPhase;
			buildActionMask = 2147483647;
			files = (
			);
			runOnlyForDeploymentPostprocessing = 0;
		};
/* End PBXFrameworksBuildPhase section */

/* Begin PBXGroup section */
		FB04B8481A0F3998004B549F /* Model */ = {
			isa = PBXGroup;
			children = (
				FB4399B01A0D894C0050CF8D /* Photo.h */,
				FB4399B11A0D894C0050CF8D /* Photo.m */,
			);
			name = Model;
			sourceTree = "<group>";
		};
		FB2FC2E41A0C3E9B00CE72C5 = {
			isa = PBXGroup;
			children = (
				FB2FC2EF1A0C3E9C00CE72C5 /* FavoritePhotosChallenge */,
				FB2FC3091A0C3E9D00CE72C5 /* FavoritePhotosChallengeTests */,
				FB2FC2EE1A0C3E9C00CE72C5 /* Products */,
			);
			sourceTree = "<group>";
		};
		FB2FC2EE1A0C3E9C00CE72C5 /* Products */ = {
			isa = PBXGroup;
			children = (
				FB2FC2ED1A0C3E9C00CE72C5 /* FavoritePhotosChallenge.app */,
				FB2FC3061A0C3E9D00CE72C5 /* FavoritePhotosChallengeTests.xctest */,
			);
			name = Products;
			sourceTree = "<group>";
		};
		FB2FC2EF1A0C3E9C00CE72C5 /* FavoritePhotosChallenge */ = {
			isa = PBXGroup;
			children = (
				FB2FC2F41A0C3E9C00CE72C5 /* AppDelegate.h */,
				FB2FC2F51A0C3E9C00CE72C5 /* AppDelegate.m */,
				FB2FC2F71A0C3E9C00CE72C5 /* ViewController.h */,
				FB2FC2F81A0C3E9C00CE72C5 /* ViewController.m */,
				FB4399A51A0D75980050CF8D /* ImageCollectionViewCell.h */,
				FB4399A61A0D75980050CF8D /* ImageCollectionViewCell.m */,
				FB04B8481A0F3998004B549F /* Model */,
				FB2FC2FA1A0C3E9C00CE72C5 /* Main.storyboard */,
				FB2FC2FD1A0C3E9C00CE72C5 /* Images.xcassets */,
				FB2FC2FF1A0C3E9C00CE72C5 /* LaunchScreen.xib */,
				FB2FC2F01A0C3E9C00CE72C5 /* Supporting Files */,
			);
			path = FavoritePhotosChallenge;
			sourceTree = "<group>";
		};
		FB2FC2F01A0C3E9C00CE72C5 /* Supporting Files */ = {
			isa = PBXGroup;
			children = (
				FB2FC2F11A0C3E9C00CE72C5 /* Info.plist */,
				FB2FC2F21A0C3E9C00CE72C5 /* main.m */,
			);
			name = "Supporting Files";
			sourceTree = "<group>";
		};
		FB2FC3091A0C3E9D00CE72C5 /* FavoritePhotosChallengeTests */ = {
			isa = PBXGroup;
			children = (
				FB2FC30C1A0C3E9D00CE72C5 /* FavoritePhotosChallengeTests.m */,
				FB2FC30A1A0C3E9D00CE72C5 /* Supporting Files */,
			);
			path = FavoritePhotosChallengeTests;
			sourceTree = "<group>";
		};
		FB2FC30A1A0C3E9D00CE72C5 /* Supporting Files */ = {
			isa = PBXGroup;
			children = (
				FB2FC30B1A0C3E9D00CE72C5 /* Info.plist */,
			);
			name = "Supporting Files";
			sourceTree = "<group>";
		};
/* End PBXGroup section */

/* Begin PBXNativeTarget section */
		FB2FC2EC1A0C3E9B00CE72C5 /* FavoritePhotosChallenge */ = {
			isa = PBXNativeTarget;
			buildConfigurationList = FB2FC3101A0C3E9D00CE72C5 /* Build configuration list for PBXNativeTarget "FavoritePhotosChallenge" */;
			buildPhases = (
				FB2FC2E91A0C3E9B00CE72C5 /* Sources */,
				FB2FC2EA1A0C3E9B00CE72C5 /* Frameworks */,
				FB2FC2EB1A0C3E9B00CE72C5 /* Resources */,
			);
			buildRules = (
			);
			dependencies = (
			);
			name = FavoritePhotosChallenge;
			productName = FavoritePhotosChallenge;
			productReference = FB2FC2ED1A0C3E9C00CE72C5 /* FavoritePhotosChallenge.app */;
			productType = "com.apple.product-type.application";
		};
		FB2FC3051A0C3E9D00CE72C5 /* FavoritePhotosChallengeTests */ = {
			isa = PBXNativeTarget;
			buildConfigurationList = FB2FC3131A0C3E9D00CE72C5 /* Build configuration list for PBXNativeTarget "FavoritePhotosChallengeTests" */;
			buildPhases = (
				FB2FC3021A0C3E9D00CE72C5 /* Sources */,
				FB2FC3031A0C3E9D00CE72C5 /* Frameworks */,
				FB2FC3041A0C3E9D00CE72C5 /* Resources */,
			);
			buildRules = (
			);
			dependencies = (
				FB2FC3081A0C3E9D00CE72C5 /* PBXTargetDependency */,
			);
			name = FavoritePhotosChallengeTests;
			productName = FavoritePhotosChallengeTests;
			productReference = FB2FC3061A0C3E9D00CE72C5 /* FavoritePhotosChallengeTests.xctest */;
			productType = "com.apple.product-type.bundle.unit-test";
		};
/* End PBXNativeTarget section */

/* Begin PBXProject section */
		FB2FC2E51A0C3E9B00CE72C5 /* Project object */ = {
			isa = PBXProject;
			attributes = {
				LastUpgradeCheck = 0610;
				ORGANIZATIONNAME = "May Yang";
				TargetAttributes = {
					FB2FC2EC1A0C3E9B00CE72C5 = {
						CreatedOnToolsVersion = 6.1;
					};
					FB2FC3051A0C3E9D00CE72C5 = {
						CreatedOnToolsVersion = 6.1;
						TestTargetID = FB2FC2EC1A0C3E9B00CE72C5;
					};
				};
			};
			buildConfigurationList = FB2FC2E81A0C3E9B00CE72C5 /* Build configuration list for PBXProject "FavoritePhotosChallenge" */;
			compatibilityVersion = "Xcode 3.2";
			developmentRegion = English;
			hasScannedForEncodings = 0;
			knownRegions = (
				en,
				Base,
			);
			mainGroup = FB2FC2E41A0C3E9B00CE72C5;
			productRefGroup = FB2FC2EE1A0C3E9C00CE72C5 /* Products */;
			projectDirPath = "";
			projectRoot = "";
			targets = (
				FB2FC2EC1A0C3E9B00CE72C5 /* FavoritePhotosChallenge */,
				FB2FC3051A0C3E9D00CE72C5 /* FavoritePhotosChallengeTests */,
			);
		};
/* End PBXProject section */

/* Begin PBXResourcesBuildPhase section */
		FB2FC2EB1A0C3E9B00CE72C5 /* Resources */ = {
			isa = PBXResourcesBuildPhase;
			buildActionMask = 2147483647;
			files = (
				FB2FC2FC1A0C3E9C00CE72C5 /* Main.storyboard in Resources */,
				FB2FC3011A0C3E9C00CE72C5 /* LaunchScreen.xib in Resources */,
				FB2FC2FE1A0C3E9C00CE72C5 /* Images.xcassets in Resources */,
			);
			runOnlyForDeploymentPostprocessing = 0;
		};
		FB2FC3041A0C3E9D00CE72C5 /* Resources */ = {
			isa = PBXResourcesBuildPhase;
			buildActionMask = 2147483647;
			files = (
			);
			runOnlyForDeploymentPostprocessing = 0;
		};
/* End PBXResourcesBuildPhase section */

/* Begin PBXSourcesBuildPhase section */
		FB2FC2E91A0C3E9B00CE72C5 /* Sources */ = {
			isa = PBXSourcesBuildPhase;
			buildActionMask = 2147483647;
			files = (
				FB4399B21A0D894C0050CF8D /* Photo.m in Sources */,
				FB2FC2F91A0C3E9C00CE72C5 /* ViewController.m in Sources */,
				FB2FC2F61A0C3E9C00CE72C5 /* AppDelegate.m in Sources */,
				FB4399A71A0D75980050CF8D /* ImageCollectionViewCell.m in Sources */,
				FB2FC2F31A0C3E9C00CE72C5 /* main.m in Sources */,
			);
			runOnlyForDeploymentPostprocessing = 0;
		};
		FB2FC3021A0C3E9D00CE72C5 /* Sources */ = {
			isa = PBXSourcesBuildPhase;
			buildActionMask = 2147483647;
			files = (
				FB2FC30D1A0C3E9D00CE72C5 /* FavoritePhotosChallengeTests.m in Sources */,
			);
			runOnlyForDeploymentPostprocessing = 0;
		};
/* End PBXSourcesBuildPhase section */

/* Begin PBXTargetDependency section */
		FB2FC3081A0C3E9D00CE72C5 /* PBXTargetDependency */ = {
			isa = PBXTargetDependency;
			target = FB2FC2EC1A0C3E9B00CE72C5 /* FavoritePhotosChallenge */;
			targetProxy = FB2FC3071A0C3E9D00CE72C5 /* PBXContainerItemProxy */;
		};
/* End PBXTargetDependency section */

/* Begin PBXVariantGroup section */
		FB2FC2FA1A0C3E9C00CE72C5 /* Main.storyboard */ = {
			isa = PBXVariantGroup;
			children = (
				FB2FC2FB1A0C3E9C00CE72C5 /* Base */,
			);
			name = Main.storyboard;
			sourceTree = "<group>";
		};
		FB2FC2FF1A0C3E9C00CE72C5 /* LaunchScreen.xib */ = {
			isa = PBXVariantGroup;
			children = (
				FB2FC3001A0C3E9C00CE72C5 /* Base */,
			);
			name = LaunchScreen.xib;
			sourceTree = "<group>";
		};
/* End PBXVariantGroup section */

/* Begin XCBuildConfiguration section */
		FB2FC30E1A0C3E9D00CE72C5 /* Debug */ = {
			isa = XCBuildConfiguration;
			buildSettings = {
				ALWAYS_SEARCH_USER_PATHS = NO;
				CLANG_CXX_LANGUAGE_STANDARD = "gnu++0x";
				CLANG_CXX_LIBRARY = "libc++";
				CLANG_ENABLE_MODULES = YES;
				CLANG_ENABLE_OBJC_ARC = YES;
				CLANG_WARN_BOOL_CONVERSION = YES;
				CLANG_WARN_CONSTANT_CONVERSION = YES;
				CLANG_WARN_DIRECT_OBJC_ISA_USAGE = YES_ERROR;
				CLANG_WARN_EMPTY_BODY = YES;
				CLANG_WARN_ENUM_CONVERSION = YES;
				CLANG_WARN_INT_CONVERSION = YES;
				CLANG_WARN_OBJC_ROOT_CLASS = YES_ERROR;
				CLANG_WARN_UNREACHABLE_CODE = YES;
				CLANG_WARN__DUPLICATE_METHOD_MATCH = YES;
				"CODE_SIGN_IDENTITY[sdk=iphoneos*]" = "iPhone Developer";
				COPY_PHASE_STRIP = NO;
				ENABLE_STRICT_OBJC_MSGSEND = YES;
				GCC_C_LANGUAGE_STANDARD = gnu99;
				GCC_DYNAMIC_NO_PIC = NO;
				GCC_OPTIMIZATION_LEVEL = 0;
				GCC_PREPROCESSOR_DEFINITIONS = (
					"DEBUG=1",
					"$(inherited)",
				);
				GCC_SYMBOLS_PRIVATE_EXTERN = NO;
				GCC_WARN_64_TO_32_BIT_CONVERSION = YES;
				GCC_WARN_ABOUT_RETURN_TYPE = YES_ERROR;
				GCC_WARN_UNDECLARED_SELECTOR = YES;
				GCC_WARN_UNINITIALIZED_AUTOS = YES_AGGRESSIVE;
				GCC_WARN_UNUSED_FUNCTION = YES;
				GCC_WARN_UNUSED_VARIABLE = YES;
				IPHONEOS_DEPLOYMENT_TARGET = 8.1;
				MTL_ENABLE_DEBUG_INFO = YES;
				ONLY_ACTIVE_ARCH = YES;
				SDKROOT = iphoneos;
			};
			name = Debug;
		};
		FB2FC30F1A0C3E9D00CE72C5 /* Release */ = {
			isa = XCBuildConfiguration;
			buildSettings = {
				ALWAYS_SEARCH_USER_PATHS = NO;
				CLANG_CXX_LANGUAGE_STANDARD = "gnu++0x";
				CLANG_CXX_LIBRARY = "libc++";
				CLANG_ENABLE_MODULES = YES;
				CLANG_ENABLE_OBJC_ARC = YES;
				CLANG_WARN_BOOL_CONVERSION = YES;
				CLANG_WARN_CONSTANT_CONVERSION = YES;
				CLANG_WARN_DIRECT_OBJC_ISA_USAGE = YES_ERROR;
				CLANG_WARN_EMPTY_BODY = YES;
				CLANG_WARN_ENUM_CONVERSION = YES;
				CLANG_WARN_INT_CONVERSION = YES;
				CLANG_WARN_OBJC_ROOT_CLASS = YES_ERROR;
				CLANG_WARN_UNREACHABLE_CODE = YES;
				CLANG_WARN__DUPLICATE_METHOD_MATCH = YES;
				"CODE_SIGN_IDENTITY[sdk=iphoneos*]" = "iPhone Developer";
				COPY_PHASE_STRIP = YES;
				ENABLE_NS_ASSERTIONS = NO;
				ENABLE_STRICT_OBJC_MSGSEND = YES;
				GCC_C_LANGUAGE_STANDARD = gnu99;
				GCC_WARN_64_TO_32_BIT_CONVERSION = YES;
				GCC_WARN_ABOUT_RETURN_TYPE = YES_ERROR;
				GCC_WARN_UNDECLARED_SELECTOR = YES;
				GCC_WARN_UNINITIALIZED_AUTOS = YES_AGGRESSIVE;
				GCC_WARN_UNUSED_FUNCTION = YES;
				GCC_WARN_UNUSED_VARIABLE = YES;
				IPHONEOS_DEPLOYMENT_TARGET = 8.1;
				MTL_ENABLE_DEBUG_INFO = NO;
				SDKROOT = iphoneos;
				VALIDATE_PRODUCT = YES;
			};
			name = Release;
		};
		FB2FC3111A0C3E9D00CE72C5 /* Debug */ = {
			isa = XCBuildConfiguration;
			buildSettings = {
				ASSETCATALOG_COMPILER_APPICON_NAME = AppIcon;
				INFOPLIST_FILE = FavoritePhotosChallenge/Info.plist;
				LD_RUNPATH_SEARCH_PATHS = "$(inherited) @executable_path/Frameworks";
				PRODUCT_NAME = "$(TARGET_NAME)";
			};
			name = Debug;
		};
		FB2FC3121A0C3E9D00CE72C5 /* Release */ = {
			isa = XCBuildConfiguration;
			buildSettings = {
				ASSETCATALOG_COMPILER_APPICON_NAME = AppIcon;
				INFOPLIST_FILE = FavoritePhotosChallenge/Info.plist;
				LD_RUNPATH_SEARCH_PATHS = "$(inherited) @executable_path/Frameworks";
				PRODUCT_NAME = "$(TARGET_NAME)";
			};
			name = Release;
		};
		FB2FC3141A0C3E9D00CE72C5 /* Debug */ = {
			isa = XCBuildConfiguration;
			buildSettings = {
				BUNDLE_LOADER = "$(TEST_HOST)";
				FRAMEWORK_SEARCH_PATHS = (
					"$(SDKROOT)/Developer/Library/Frameworks",
					"$(inherited)",
				);
				GCC_PREPROCESSOR_DEFINITIONS = (
					"DEBUG=1",
					"$(inherited)",
				);
				INFOPLIST_FILE = FavoritePhotosChallengeTests/Info.plist;
				LD_RUNPATH_SEARCH_PATHS = "$(inherited) @executable_path/Frameworks @loader_path/Frameworks";
				PRODUCT_NAME = "$(TARGET_NAME)";
				TEST_HOST = "$(BUILT_PRODUCTS_DIR)/FavoritePhotosChallenge.app/FavoritePhotosChallenge";
			};
			name = Debug;
		};
		FB2FC3151A0C3E9D00CE72C5 /* Release */ = {
			isa = XCBuildConfiguration;
			buildSettings = {
				BUNDLE_LOADER = "$(TEST_HOST)";
				FRAMEWORK_SEARCH_PATHS = (
					"$(SDKROOT)/Developer/Library/Frameworks",
					"$(inherited)",
				);
				INFOPLIST_FILE = FavoritePhotosChallengeTests/Info.plist;
				LD_RUNPATH_SEARCH_PATHS = "$(inherited) @executable_path/Frameworks @loader_path/Frameworks";
				PRODUCT_NAME = "$(TARGET_NAME)";
				TEST_HOST = "$(BUILT_PRODUCTS_DIR)/FavoritePhotosChallenge.app/FavoritePhotosChallenge";
			};
			name = Release;
		};
/* End XCBuildConfiguration section */

/* Begin XCConfigurationList section */
		FB2FC2E81A0C3E9B00CE72C5 /* Build configuration list for PBXProject "FavoritePhotosChallenge" */ = {
			isa = XCConfigurationList;
			buildConfigurations = (
				FB2FC30E1A0C3E9D00CE72C5 /* Debug */,
				FB2FC30F1A0C3E9D00CE72C5 /* Release */,
			);
			defaultConfigurationIsVisible = 0;
			defaultConfigurationName = Release;
		};
		FB2FC3101A0C3E9D00CE72C5 /* Build configuration list for PBXNativeTarget "FavoritePhotosChallenge" */ = {
			isa = XCConfigurationList;
			buildConfigurations = (
				FB2FC3111A0C3E9D00CE72C5 /* Debug */,
				FB2FC3121A0C3E9D00CE72C5 /* Release */,
			);
			defaultConfigurationIsVisible = 0;
			defaultConfigurationName = Release;
		};
		FB2FC3131A0C3E9D00CE72C5 /* Build configuration list for PBXNativeTarget "FavoritePhotosChallengeTests" */ = {
			isa = XCConfigurationList;
			buildConfigurations = (
				FB2FC3141A0C3E9D00CE72C5 /* Debug */,
				FB2FC3151A0C3E9D00CE72C5 /* Release */,
			);
			defaultConfigurationIsVisible = 0;
			defaultConfigurationName = Release;
		};
/* End XCConfigurationList section */
	};
	rootObject = FB2FC2E51A0C3E9B00CE72C5 /* Project object */;
}
